
Microsoft Visual Studio Solution File, Format Version 12.00
# Visual Studio 15
VisualStudioVersion = 15.0.28010.2036
MinimumVisualStudioVersion = 10.0.40219.1
Project("{FAE04EC0-301F-11D3-BF4B-00C04F79EFBC}") = "GraphBasicConsole", "GraphBasicConsole\GraphBasicConsole.csproj", "{B88B0521-FFB0-4E53-B529-7199895D6C02}"
EndProject
Global
	GlobalSection(SolutionConfigurationPlatforms) = preSolution
		Debug|Any CPU = Debug|Any CPU
		Release|Any CPU = Release|Any CPU
	EndGlobalSection
	GlobalSection(ProjectConfigurationPlatforms) = postSolution
		{B88B0521-FFB0-4E53-B529-7199895D6C02}.Debug|Any CPU.ActiveCfg = Debug|Any CPU
		{B88B0521-FFB0-4E53-B529-7199895D6C02}.Debug|Any CPU.Build.0 = Debug|Any CPU
		{B88B0521-FFB0-4E53-B529-7199895D6C02}.Release|Any CPU.ActiveCfg = Release|Any CPU
		{B88B0521-FFB0-4E53-B529-7199895D6C02}.Release|Any CPU.Build.0 = Release|Any CPU
	EndGlobalSection
	GlobalSection(SolutionProperties) = preSolution
		HideSolutionNode = FALSE
	EndGlobalSection
	GlobalSection(ExtensibilityGlobals) = postSolution
		SolutionGuid = {5A889627-309F-4FA6-8230-A70D7F2776E2}
	EndGlobalSection
EndGlobal
