
Microsoft Visual Studio Solution File, Format Version 12.00
# Visual Studio Version 17
VisualStudioVersion = 17.14.36518.9 d17.14
MinimumVisualStudioVersion = 10.0.40219.1
Project("{54A90642-561A-4BB1-A94E-469ADEE60C69}") = "bookify.client", "bookify.client\bookify.client.esproj", "{37B2A6B4-4DC7-94A8-15E2-E28DA69DEE9B}"
EndProject
Project("{FAE04EC0-301F-11D3-BF4B-00C04F79EFBC}") = "Bookify.Server", "Bookify.Server\Bookify.Server.csproj", "{71875F85-7C39-4C5C-9743-3ED0E39F9273}"
EndProject
Global
	GlobalSection(SolutionConfigurationPlatforms) = preSolution
		Debug|Any CPU = Debug|Any CPU
		Release|Any CPU = Release|Any CPU
	EndGlobalSection
	GlobalSection(ProjectConfigurationPlatforms) = postSolution
		{37B2A6B4-4DC7-94A8-15E2-E28DA69DEE9B}.Debug|Any CPU.ActiveCfg = Debug|Any CPU
		{37B2A6B4-4DC7-94A8-15E2-E28DA69DEE9B}.Debug|Any CPU.Build.0 = Debug|Any CPU
		{37B2A6B4-4DC7-94A8-15E2-E28DA69DEE9B}.Debug|Any CPU.Deploy.0 = Debug|Any CPU
		{37B2A6B4-4DC7-94A8-15E2-E28DA69DEE9B}.Release|Any CPU.ActiveCfg = Release|Any CPU
		{37B2A6B4-4DC7-94A8-15E2-E28DA69DEE9B}.Release|Any CPU.Build.0 = Release|Any CPU
		{37B2A6B4-4DC7-94A8-15E2-E28DA69DEE9B}.Release|Any CPU.Deploy.0 = Release|Any CPU
		{71875F85-7C39-4C5C-9743-3ED0E39F9273}.Debug|Any CPU.ActiveCfg = Debug|Any CPU
		{71875F85-7C39-4C5C-9743-3ED0E39F9273}.Debug|Any CPU.Build.0 = Debug|Any CPU
		{71875F85-7C39-4C5C-9743-3ED0E39F9273}.Release|Any CPU.ActiveCfg = Release|Any CPU
		{71875F85-7C39-4C5C-9743-3ED0E39F9273}.Release|Any CPU.Build.0 = Release|Any CPU
	EndGlobalSection
	GlobalSection(SolutionProperties) = preSolution
		HideSolutionNode = FALSE
	EndGlobalSection
	GlobalSection(ExtensibilityGlobals) = postSolution
		SolutionGuid = {0663DB44-20A8-440E-9F41-33F5ED531121}
	EndGlobalSection
EndGlobal
