
Microsoft Visual Studio Solution File, Format Version 12.00
# Visual Studio Version 17
VisualStudioVersion = 17.2.32630.192
MinimumVisualStudioVersion = 10.0.40219.1
Project("{FAE04EC0-301F-11D3-BF4B-00C04F79EFBC}") = "ConsoleApp", "ConsoleApp\ConsoleApp.csproj", "{13489A4B-48A4-4884-A2AF-25115F5FF34A}"
EndProject
Project("{FAE04EC0-301F-11D3-BF4B-00C04F79EFBC}") = "SPOUtils", "SPOUtils\SPOUtils.csproj", "{8BBE7CEB-E325-4A4F-A6B2-1B59F8C85E72}"
EndProject
Project("{FAE04EC0-301F-11D3-BF4B-00C04F79EFBC}") = "Utils", "Utils\Utils.csproj", "{DF23CA45-5CB8-40A0-B907-1E6A101117A4}"
EndProject
Global
	GlobalSection(SolutionConfigurationPlatforms) = preSolution
		Debug|Any CPU = Debug|Any CPU
		Release|Any CPU = Release|Any CPU
	EndGlobalSection
	GlobalSection(ProjectConfigurationPlatforms) = postSolution
		{13489A4B-48A4-4884-A2AF-25115F5FF34A}.Debug|Any CPU.ActiveCfg = Debug|Any CPU
		{13489A4B-48A4-4884-A2AF-25115F5FF34A}.Debug|Any CPU.Build.0 = Debug|Any CPU
		{13489A4B-48A4-4884-A2AF-25115F5FF34A}.Release|Any CPU.ActiveCfg = Release|Any CPU
		{13489A4B-48A4-4884-A2AF-25115F5FF34A}.Release|Any CPU.Build.0 = Release|Any CPU
		{8BBE7CEB-E325-4A4F-A6B2-1B59F8C85E72}.Debug|Any CPU.ActiveCfg = Debug|Any CPU
		{8BBE7CEB-E325-4A4F-A6B2-1B59F8C85E72}.Debug|Any CPU.Build.0 = Debug|Any CPU
		{8BBE7CEB-E325-4A4F-A6B2-1B59F8C85E72}.Release|Any CPU.ActiveCfg = Release|Any CPU
		{8BBE7CEB-E325-4A4F-A6B2-1B59F8C85E72}.Release|Any CPU.Build.0 = Release|Any CPU
		{DF23CA45-5CB8-40A0-B907-1E6A101117A4}.Debug|Any CPU.ActiveCfg = Debug|Any CPU
		{DF23CA45-5CB8-40A0-B907-1E6A101117A4}.Debug|Any CPU.Build.0 = Debug|Any CPU
		{DF23CA45-5CB8-40A0-B907-1E6A101117A4}.Release|Any CPU.ActiveCfg = Release|Any CPU
		{DF23CA45-5CB8-40A0-B907-1E6A101117A4}.Release|Any CPU.Build.0 = Release|Any CPU
	EndGlobalSection
	GlobalSection(SolutionProperties) = preSolution
		HideSolutionNode = FALSE
	EndGlobalSection
	GlobalSection(ExtensibilityGlobals) = postSolution
		SolutionGuid = {BA7319F4-E4DA-427F-B092-686943552C39}
	EndGlobalSection
EndGlobal
