<Solution>
  <Configurations>
    <Platform Name="Any CPU" />
    <Platform Name="x64" />
    <Platform Name="x86" />
  </Configurations>
  <Folder Name="/Tests/">
    <Project Path="SPO.ColdStorage.LoadGenerator/SPO.ColdStorage.LoadGenerator.csproj" />
    <Project Path="SPO.ColdStorage.Migration.Engine.Tests/SPO.ColdStorage.Migration.Engine.Tests.csproj" />
    <Project Path="SPO.ColdStorage.Tests/SPO.ColdStorage.Tests.csproj" />
  </Folder>
  <Project Path="SPO.ColdStorage.Entities/SPO.ColdStorage.Entities.csproj" />
  <Project Path="SPO.ColdStorage.Migration.Engine/SPO.ColdStorage.Migration.Engine.csproj" />
  <Project Path="SPO.ColdStorage.Migration.Indexer/SPO.ColdStorage.Migration.Indexer.csproj" />
  <Project Path="SPO.ColdStorage.Migration.Migrator/SPO.ColdStorage.Migration.Migrator.csproj" />
  <Project Path="SPO.ColdStorage.Migration.SiteSnapshotBuilder/SPO.ColdStorage.Migration.SiteSnapshotBuilder.csproj" />
  <Project Path="SPO.ColdStorage.Models/SPO.ColdStorage.Models.csproj" />
  <Project Path="Web/web.client/web.client.esproj">
    <Build Solution="*|Any CPU" />
    <Deploy Solution="*|Any CPU" />
  </Project>
  <Project Path="Web/Web.Server/Web.Server.csproj" />
</Solution>
