Microsoft Visual Studio Solution File, Format Version 12.00
# Visual Studio Version 18
VisualStudioVersion = 18.4.11620.152
MinimumVisualStudioVersion = 10.0.40219.1
Project("{9A19103F-16F7-4668-BE54-9A1E7A4F7556}") = "Bot.Model", "Bot.Model\Bot.Model.csproj", "{D5C20A00-472F-44B9-A7FF-8AC6CAC17F17}"
EndProject
Project("{9A19103F-16F7-4668-BE54-9A1E7A4F7556}") = "Bot.Services", "Bot.Services\Bot.Services.csproj", "{EAB46729-A767-4F68-BBC5-AB1FD351F9CA}"
EndProject
Project("{9A19103F-16F7-4668-BE54-9A1E7A4F7556}") = "Bot.Console", "Bot.Console\Bot.Console.csproj", "{3BC95236-0B3E-4735-8AE6-E3AE9469E958}"
EndProject
Project("{FAE04EC0-301F-11D3-BF4B-00C04F79EFBC}") = "Bot.Tests", "Bot.Tests\Bot.Tests.csproj", "{917DDCAA-EB0E-4238-B1EA-C1833C65B957}"
EndProject
Project("{FAE04EC0-301F-11D3-BF4B-00C04F79EFBC}") = "Bot.Admin.Server", "BotAdminSite\Bot.Admin.Server\Bot.Admin.Server.csproj", "{A1B2C3D4-1234-4A5B-9C8D-7E6F5A4B3C2D}"
EndProject
Project("{54A90642-561A-4BB1-A94E-469ADEE60C69}") = "Bot.Admin.Client", "BotAdminSite\Bot.Admin.Client\Bot.Admin.Client.esproj", "{B2C3D4E5-5678-4B5C-AD8E-8F7A6B5C4D3E}"
EndProject
Project("{2150E333-8FDC-42A3-9474-1A3956D46DE8}") = "Bot", "Bot", "{0770F32B-BB2F-4304-A68D-AC98F5E99F5E}"
EndProject
Global
	GlobalSection(SolutionConfigurationPlatforms) = preSolution
		Debug|Any CPU = Debug|Any CPU
		Debug|x64 = Debug|x64
		Debug|x86 = Debug|x86
		Release|Any CPU = Release|Any CPU
		Release|x64 = Release|x64
		Release|x86 = Release|x86
	EndGlobalSection
	GlobalSection(ProjectConfigurationPlatforms) = postSolution
		{D5C20A00-472F-44B9-A7FF-8AC6CAC17F17}.Debug|Any CPU.ActiveCfg = Debug|Any CPU
		{D5C20A00-472F-44B9-A7FF-8AC6CAC17F17}.Debug|Any CPU.Build.0 = Debug|Any CPU
		{D5C20A00-472F-44B9-A7FF-8AC6CAC17F17}.Debug|x64.ActiveCfg = Debug|x64
		{D5C20A00-472F-44B9-A7FF-8AC6CAC17F17}.Debug|x64.Build.0 = Debug|x64
		{D5C20A00-472F-44B9-A7FF-8AC6CAC17F17}.Debug|x86.ActiveCfg = Debug|Any CPU
		{D5C20A00-472F-44B9-A7FF-8AC6CAC17F17}.Debug|x86.Build.0 = Debug|Any CPU
		{D5C20A00-472F-44B9-A7FF-8AC6CAC17F17}.Release|Any CPU.ActiveCfg = Release|Any CPU
		{D5C20A00-472F-44B9-A7FF-8AC6CAC17F17}.Release|Any CPU.Build.0 = Release|Any CPU
		{D5C20A00-472F-44B9-A7FF-8AC6CAC17F17}.Release|x64.ActiveCfg = Release|x64
		{D5C20A00-472F-44B9-A7FF-8AC6CAC17F17}.Release|x64.Build.0 = Release|x64
		{D5C20A00-472F-44B9-A7FF-8AC6CAC17F17}.Release|x86.ActiveCfg = Release|Any CPU
		{D5C20A00-472F-44B9-A7FF-8AC6CAC17F17}.Release|x86.Build.0 = Release|Any CPU
		{EAB46729-A767-4F68-BBC5-AB1FD351F9CA}.Debug|Any CPU.ActiveCfg = Debug|Any CPU
		{EAB46729-A767-4F68-BBC5-AB1FD351F9CA}.Debug|Any CPU.Build.0 = Debug|Any CPU
		{EAB46729-A767-4F68-BBC5-AB1FD351F9CA}.Debug|x64.ActiveCfg = Debug|x64
		{EAB46729-A767-4F68-BBC5-AB1FD351F9CA}.Debug|x64.Build.0 = Debug|x64
		{EAB46729-A767-4F68-BBC5-AB1FD351F9CA}.Debug|x86.ActiveCfg = Debug|Any CPU
		{EAB46729-A767-4F68-BBC5-AB1FD351F9CA}.Debug|x86.Build.0 = Debug|Any CPU
		{EAB46729-A767-4F68-BBC5-AB1FD351F9CA}.Release|Any CPU.ActiveCfg = Release|Any CPU
		{EAB46729-A767-4F68-BBC5-AB1FD351F9CA}.Release|Any CPU.Build.0 = Release|Any CPU
		{EAB46729-A767-4F68-BBC5-AB1FD351F9CA}.Release|x64.ActiveCfg = Release|x64
		{EAB46729-A767-4F68-BBC5-AB1FD351F9CA}.Release|x64.Build.0 = Release|x64
		{EAB46729-A767-4F68-BBC5-AB1FD351F9CA}.Release|x86.ActiveCfg = Release|Any CPU
		{EAB46729-A767-4F68-BBC5-AB1FD351F9CA}.Release|x86.Build.0 = Release|Any CPU
		{3BC95236-0B3E-4735-8AE6-E3AE9469E958}.Debug|Any CPU.ActiveCfg = Debug|Any CPU
		{3BC95236-0B3E-4735-8AE6-E3AE9469E958}.Debug|Any CPU.Build.0 = Debug|Any CPU
		{3BC95236-0B3E-4735-8AE6-E3AE9469E958}.Debug|x64.ActiveCfg = Debug|x64
		{3BC95236-0B3E-4735-8AE6-E3AE9469E958}.Debug|x64.Build.0 = Debug|x64
		{3BC95236-0B3E-4735-8AE6-E3AE9469E958}.Debug|x86.ActiveCfg = Debug|Any CPU
		{3BC95236-0B3E-4735-8AE6-E3AE9469E958}.Debug|x86.Build.0 = Debug|Any CPU
		{3BC95236-0B3E-4735-8AE6-E3AE9469E958}.Release|Any CPU.ActiveCfg = Release|Any CPU
		{3BC95236-0B3E-4735-8AE6-E3AE9469E958}.Release|Any CPU.Build.0 = Release|Any CPU
		{3BC95236-0B3E-4735-8AE6-E3AE9469E958}.Release|x64.ActiveCfg = Release|x64
		{3BC95236-0B3E-4735-8AE6-E3AE9469E958}.Release|x64.Build.0 = Release|x64
		{3BC95236-0B3E-4735-8AE6-E3AE9469E958}.Release|x86.ActiveCfg = Release|Any CPU
		{3BC95236-0B3E-4735-8AE6-E3AE9469E958}.Release|x86.Build.0 = Release|Any CPU
		{917DDCAA-EB0E-4238-B1EA-C1833C65B957}.Debug|Any CPU.ActiveCfg = Debug|x64
		{917DDCAA-EB0E-4238-B1EA-C1833C65B957}.Debug|Any CPU.Build.0 = Debug|x64
		{917DDCAA-EB0E-4238-B1EA-C1833C65B957}.Debug|x64.ActiveCfg = Debug|x64
		{917DDCAA-EB0E-4238-B1EA-C1833C65B957}.Debug|x64.Build.0 = Debug|x64
		{917DDCAA-EB0E-4238-B1EA-C1833C65B957}.Debug|x86.ActiveCfg = Debug|x64
		{917DDCAA-EB0E-4238-B1EA-C1833C65B957}.Debug|x86.Build.0 = Debug|x64
		{917DDCAA-EB0E-4238-B1EA-C1833C65B957}.Release|Any CPU.ActiveCfg = Release|x64
		{917DDCAA-EB0E-4238-B1EA-C1833C65B957}.Release|Any CPU.Build.0 = Release|x64
		{917DDCAA-EB0E-4238-B1EA-C1833C65B957}.Release|x64.ActiveCfg = Release|x64
		{917DDCAA-EB0E-4238-B1EA-C1833C65B957}.Release|x64.Build.0 = Release|x64
		{917DDCAA-EB0E-4238-B1EA-C1833C65B957}.Release|x86.ActiveCfg = Release|x64
		{917DDCAA-EB0E-4238-B1EA-C1833C65B957}.Release|x86.Build.0 = Release|x64
		{A1B2C3D4-1234-4A5B-9C8D-7E6F5A4B3C2D}.Debug|Any CPU.ActiveCfg = Debug|Any CPU
		{A1B2C3D4-1234-4A5B-9C8D-7E6F5A4B3C2D}.Debug|Any CPU.Build.0 = Debug|Any CPU
		{A1B2C3D4-1234-4A5B-9C8D-7E6F5A4B3C2D}.Debug|x64.ActiveCfg = Debug|Any CPU
		{A1B2C3D4-1234-4A5B-9C8D-7E6F5A4B3C2D}.Debug|x64.Build.0 = Debug|Any CPU
		{A1B2C3D4-1234-4A5B-9C8D-7E6F5A4B3C2D}.Debug|x86.ActiveCfg = Debug|Any CPU
		{A1B2C3D4-1234-4A5B-9C8D-7E6F5A4B3C2D}.Debug|x86.Build.0 = Debug|Any CPU
		{A1B2C3D4-1234-4A5B-9C8D-7E6F5A4B3C2D}.Release|Any CPU.ActiveCfg = Release|Any CPU
		{A1B2C3D4-1234-4A5B-9C8D-7E6F5A4B3C2D}.Release|Any CPU.Build.0 = Release|Any CPU
		{A1B2C3D4-1234-4A5B-9C8D-7E6F5A4B3C2D}.Release|x64.ActiveCfg = Release|Any CPU
		{A1B2C3D4-1234-4A5B-9C8D-7E6F5A4B3C2D}.Release|x64.Build.0 = Release|Any CPU
		{A1B2C3D4-1234-4A5B-9C8D-7E6F5A4B3C2D}.Release|x86.ActiveCfg = Release|Any CPU
		{A1B2C3D4-1234-4A5B-9C8D-7E6F5A4B3C2D}.Release|x86.Build.0 = Release|Any CPU
		{B2C3D4E5-5678-4B5C-AD8E-8F7A6B5C4D3E}.Debug|Any CPU.ActiveCfg = Debug|Any CPU
		{B2C3D4E5-5678-4B5C-AD8E-8F7A6B5C4D3E}.Debug|Any CPU.Build.0 = Debug|Any CPU
		{B2C3D4E5-5678-4B5C-AD8E-8F7A6B5C4D3E}.Debug|Any CPU.Deploy.0 = Debug|Any CPU
		{B2C3D4E5-5678-4B5C-AD8E-8F7A6B5C4D3E}.Debug|x64.ActiveCfg = Debug|Any CPU
		{B2C3D4E5-5678-4B5C-AD8E-8F7A6B5C4D3E}.Debug|x64.Build.0 = Debug|Any CPU
		{B2C3D4E5-5678-4B5C-AD8E-8F7A6B5C4D3E}.Debug|x64.Deploy.0 = Debug|Any CPU
		{B2C3D4E5-5678-4B5C-AD8E-8F7A6B5C4D3E}.Debug|x86.ActiveCfg = Debug|Any CPU
		{B2C3D4E5-5678-4B5C-AD8E-8F7A6B5C4D3E}.Debug|x86.Build.0 = Debug|Any CPU
		{B2C3D4E5-5678-4B5C-AD8E-8F7A6B5C4D3E}.Debug|x86.Deploy.0 = Debug|Any CPU
		{B2C3D4E5-5678-4B5C-AD8E-8F7A6B5C4D3E}.Release|Any CPU.ActiveCfg = Release|Any CPU
		{B2C3D4E5-5678-4B5C-AD8E-8F7A6B5C4D3E}.Release|Any CPU.Build.0 = Release|Any CPU
		{B2C3D4E5-5678-4B5C-AD8E-8F7A6B5C4D3E}.Release|Any CPU.Deploy.0 = Release|Any CPU
		{B2C3D4E5-5678-4B5C-AD8E-8F7A6B5C4D3E}.Release|x64.ActiveCfg = Release|Any CPU
		{B2C3D4E5-5678-4B5C-AD8E-8F7A6B5C4D3E}.Release|x64.Build.0 = Release|Any CPU
		{B2C3D4E5-5678-4B5C-AD8E-8F7A6B5C4D3E}.Release|x64.Deploy.0 = Release|Any CPU
		{B2C3D4E5-5678-4B5C-AD8E-8F7A6B5C4D3E}.Release|x86.ActiveCfg = Release|Any CPU
		{B2C3D4E5-5678-4B5C-AD8E-8F7A6B5C4D3E}.Release|x86.Build.0 = Release|Any CPU
		{B2C3D4E5-5678-4B5C-AD8E-8F7A6B5C4D3E}.Release|x86.Deploy.0 = Release|Any CPU
	EndGlobalSection
	GlobalSection(SolutionProperties) = preSolution
		HideSolutionNode = FALSE
	EndGlobalSection
	GlobalSection(NestedProjects) = preSolution
		{D5C20A00-472F-44B9-A7FF-8AC6CAC17F17} = {0770F32B-BB2F-4304-A68D-AC98F5E99F5E}
		{EAB46729-A767-4F68-BBC5-AB1FD351F9CA} = {0770F32B-BB2F-4304-A68D-AC98F5E99F5E}
		{3BC95236-0B3E-4735-8AE6-E3AE9469E958} = {0770F32B-BB2F-4304-A68D-AC98F5E99F5E}
	EndGlobalSection
	GlobalSection(ExtensibilityGlobals) = postSolution
		SolutionGuid = {2953F540-32DB-4322-8B6C-52B54B5BF896}
	EndGlobalSection
EndGlobal
