
Microsoft Visual Studio Solution File, Format Version 12.00
# Visual Studio Version 17
VisualStudioVersion = 17.1.32210.238
MinimumVisualStudioVersion = 10.0.40219.1
Project("{9A19103F-16F7-4668-BE54-9A1E7A4F7556}") = "SPOAzBlob.Web", "SPOAzBlob.Web\SPOAzBlob.Web.csproj", "{F84D014A-D2F7-4159-A5FF-48864E00EFC4}"
EndProject
Project("{9A19103F-16F7-4668-BE54-9A1E7A4F7556}") = "SPOAzBlob.Engine", "SPOAzBlob.Engine\SPOAzBlob.Engine.csproj", "{982C07A3-DD2B-4168-ACD0-CAC3ADEDE9EA}"
EndProject
Project("{9A19103F-16F7-4668-BE54-9A1E7A4F7556}") = "CommonUtils", "CommonUtils\CommonUtils.csproj", "{9D36547F-D77B-47DC-A949-B4437F2F35E1}"
EndProject
Project("{9A19103F-16F7-4668-BE54-9A1E7A4F7556}") = "SPOAzBlob.Tests", "SPOAzBlob.Tests\SPOAzBlob.Tests.csproj", "{AC2CE8D1-2B98-47D2-80C0-CEB2F11B86B4}"
EndProject
Project("{9A19103F-16F7-4668-BE54-9A1E7A4F7556}") = "SPOAzBlob.Functions", "SPOAzBlob.Functions\SPOAzBlob.Functions.csproj", "{D91686E6-E318-4F5B-95D1-A80284FA7BFF}"
EndProject
Global
	GlobalSection(SolutionConfigurationPlatforms) = preSolution
		Debug|Any CPU = Debug|Any CPU
		Release|Any CPU = Release|Any CPU
	EndGlobalSection
	GlobalSection(ProjectConfigurationPlatforms) = postSolution
		{F84D014A-D2F7-4159-A5FF-48864E00EFC4}.Debug|Any CPU.ActiveCfg = Debug|Any CPU
		{F84D014A-D2F7-4159-A5FF-48864E00EFC4}.Debug|Any CPU.Build.0 = Debug|Any CPU
		{F84D014A-D2F7-4159-A5FF-48864E00EFC4}.Release|Any CPU.ActiveCfg = Release|Any CPU
		{F84D014A-D2F7-4159-A5FF-48864E00EFC4}.Release|Any CPU.Build.0 = Release|Any CPU
		{982C07A3-DD2B-4168-ACD0-CAC3ADEDE9EA}.Debug|Any CPU.ActiveCfg = Debug|Any CPU
		{982C07A3-DD2B-4168-ACD0-CAC3ADEDE9EA}.Debug|Any CPU.Build.0 = Debug|Any CPU
		{982C07A3-DD2B-4168-ACD0-CAC3ADEDE9EA}.Release|Any CPU.ActiveCfg = Release|Any CPU
		{982C07A3-DD2B-4168-ACD0-CAC3ADEDE9EA}.Release|Any CPU.Build.0 = Release|Any CPU
		{9D36547F-D77B-47DC-A949-B4437F2F35E1}.Debug|Any CPU.ActiveCfg = Debug|Any CPU
		{9D36547F-D77B-47DC-A949-B4437F2F35E1}.Debug|Any CPU.Build.0 = Debug|Any CPU
		{9D36547F-D77B-47DC-A949-B4437F2F35E1}.Release|Any CPU.ActiveCfg = Release|Any CPU
		{9D36547F-D77B-47DC-A949-B4437F2F35E1}.Release|Any CPU.Build.0 = Release|Any CPU
		{AC2CE8D1-2B98-47D2-80C0-CEB2F11B86B4}.Debug|Any CPU.ActiveCfg = Debug|Any CPU
		{AC2CE8D1-2B98-47D2-80C0-CEB2F11B86B4}.Debug|Any CPU.Build.0 = Debug|Any CPU
		{AC2CE8D1-2B98-47D2-80C0-CEB2F11B86B4}.Release|Any CPU.ActiveCfg = Release|Any CPU
		{AC2CE8D1-2B98-47D2-80C0-CEB2F11B86B4}.Release|Any CPU.Build.0 = Release|Any CPU
		{D91686E6-E318-4F5B-95D1-A80284FA7BFF}.Debug|Any CPU.ActiveCfg = Debug|Any CPU
		{D91686E6-E318-4F5B-95D1-A80284FA7BFF}.Debug|Any CPU.Build.0 = Debug|Any CPU
		{D91686E6-E318-4F5B-95D1-A80284FA7BFF}.Release|Any CPU.ActiveCfg = Release|Any CPU
		{D91686E6-E318-4F5B-95D1-A80284FA7BFF}.Release|Any CPU.Build.0 = Release|Any CPU
	EndGlobalSection
	GlobalSection(SolutionProperties) = preSolution
		HideSolutionNode = FALSE
	EndGlobalSection
	GlobalSection(ExtensibilityGlobals) = postSolution
		SolutionGuid = {7F6017D6-D591-4D99-8B52-85546C3E4DA5}
	EndGlobalSection
EndGlobal
