
Microsoft Visual Studio Solution File, Format Version 12.00
# Visual Studio Version 17
VisualStudioVersion = 17.0.31912.275
MinimumVisualStudioVersion = 10.0.40219.1
Project("{9A19103F-16F7-4668-BE54-9A1E7A4F7556}") = "Engine", "Engine\Engine.csproj", "{EC85C8E9-8926-4AA5-A32F-64FDE1493B7F}"
EndProject
Project("{9A19103F-16F7-4668-BE54-9A1E7A4F7556}") = "Tests", "Tests\Tests.csproj", "{15D36889-F466-430F-89CB-65DC25DBA892}"
EndProject
Project("{9A19103F-16F7-4668-BE54-9A1E7A4F7556}") = "Entities", "Entities\Entities.csproj", "{B94BA2EF-8BDA-4040-A725-D1B6BD5062EA}"
EndProject
Project("{9A19103F-16F7-4668-BE54-9A1E7A4F7556}") = "Web", "Web\Web.csproj", "{01B86447-FDBB-4F7F-9884-5B5B4E3DC0CB}"
EndProject
Project("{2150E333-8FDC-42A3-9474-1A3956D46DE8}") = "Tests", "Tests", "{CCB51D98-7F2B-4053-B69F-0ECFEE325E10}"
EndProject
Global
	GlobalSection(SolutionConfigurationPlatforms) = preSolution
		Debug|Any CPU = Debug|Any CPU
		Release|Any CPU = Release|Any CPU
	EndGlobalSection
	GlobalSection(ProjectConfigurationPlatforms) = postSolution
		{EC85C8E9-8926-4AA5-A32F-64FDE1493B7F}.Debug|Any CPU.ActiveCfg = Debug|Any CPU
		{EC85C8E9-8926-4AA5-A32F-64FDE1493B7F}.Debug|Any CPU.Build.0 = Debug|Any CPU
		{EC85C8E9-8926-4AA5-A32F-64FDE1493B7F}.Release|Any CPU.ActiveCfg = Release|Any CPU
		{EC85C8E9-8926-4AA5-A32F-64FDE1493B7F}.Release|Any CPU.Build.0 = Release|Any CPU
		{15D36889-F466-430F-89CB-65DC25DBA892}.Debug|Any CPU.ActiveCfg = Debug|Any CPU
		{15D36889-F466-430F-89CB-65DC25DBA892}.Debug|Any CPU.Build.0 = Debug|Any CPU
		{15D36889-F466-430F-89CB-65DC25DBA892}.Release|Any CPU.ActiveCfg = Release|Any CPU
		{15D36889-F466-430F-89CB-65DC25DBA892}.Release|Any CPU.Build.0 = Release|Any CPU
		{B94BA2EF-8BDA-4040-A725-D1B6BD5062EA}.Debug|Any CPU.ActiveCfg = Debug|Any CPU
		{B94BA2EF-8BDA-4040-A725-D1B6BD5062EA}.Debug|Any CPU.Build.0 = Debug|Any CPU
		{B94BA2EF-8BDA-4040-A725-D1B6BD5062EA}.Release|Any CPU.ActiveCfg = Release|Any CPU
		{B94BA2EF-8BDA-4040-A725-D1B6BD5062EA}.Release|Any CPU.Build.0 = Release|Any CPU
		{01B86447-FDBB-4F7F-9884-5B5B4E3DC0CB}.Debug|Any CPU.ActiveCfg = Debug|Any CPU
		{01B86447-FDBB-4F7F-9884-5B5B4E3DC0CB}.Debug|Any CPU.Build.0 = Debug|Any CPU
		{01B86447-FDBB-4F7F-9884-5B5B4E3DC0CB}.Release|Any CPU.ActiveCfg = Release|Any CPU
		{01B86447-FDBB-4F7F-9884-5B5B4E3DC0CB}.Release|Any CPU.Build.0 = Release|Any CPU
	EndGlobalSection
	GlobalSection(SolutionProperties) = preSolution
		HideSolutionNode = FALSE
	EndGlobalSection
	GlobalSection(NestedProjects) = preSolution
		{15D36889-F466-430F-89CB-65DC25DBA892} = {CCB51D98-7F2B-4053-B69F-0ECFEE325E10}
	EndGlobalSection
	GlobalSection(ExtensibilityGlobals) = postSolution
		SolutionGuid = {B607EE11-1498-4147-837D-035FECE3A861}
	EndGlobalSection
EndGlobal
